---
lockfileVersion: 1
lockfileVendor: redhat
arches:
- arch: aarch64
  packages:
  - url: https://cdn-ubi.redhat.com/content/public/ubi/dist/ubi9/9/aarch64/baseos/os/Packages/a/alternatives-1.24-2.el9.aarch64.rpm
    repoid: ubi-9-for-aarch64-baseos-rpms
    size: 42137
    checksum: sha256:6f7c0667ac015bc0d40836c9f55c73ebf65a209069f69aa8f58e6b4655c820a8
    name: alternatives
    evr: 1.24-2.el9
    sourcerpm: chkconfig-1.24-2.el9.src.rpm
  - url: https://cdn-ubi.redhat.com/content/public/ubi/dist/ubi9/9/aarch64/baseos/os/Packages/c/ca-certificates-2025.2.80_v9.0.305-91.el9.noarch.rpm
    repoid: ubi-9-for-aarch64-baseos-rpms
    size: 1072208
    checksum: sha256:0554bf65d573950e7d550a07bf7d0b3def85ca3b45a7fbde4cce7cadd9a476a7
    name: ca-certificates
    evr: 2025.2.80_v9.0.305-91.el9
    sourcerpm: ca-certificates-2025.2.80_v9.0.305-91.el9.src.rpm
  - url: https://cdn-ubi.redhat.com/content/public/ubi/dist/ubi9/9/aarch64/baseos/os/Packages/c/crypto-policies-20260224-1.gitea0f072.el9_8.noarch.rpm
    repoid: ubi-9-for-aarch64-baseos-rpms
    size: 98707
    checksum: sha256:a9ad86b8df75a7c9c29c6f6dd4b8f78cfa1f42b492eff0d11b82c457d37a7f9f
    name: crypto-policies
    evr: 20260224-1.gitea0f072.el9_8
    sourcerpm: crypto-policies-20260224-1.gitea0f072.el9_8.src.rpm
  - url: https://cdn-ubi.redhat.com/content/public/ubi/dist/ubi9/9/aarch64/baseos/os/Packages/f/findutils-4.8.0-7.el9.aarch64.rpm
    repoid: ubi-9-for-aarch64-baseos-rpms
    size: 564807
    checksum: sha256:158af4d5ecbd8b87f0da762ea1655bd4c86512071a95d8307eda3e0b3991105d
    name: findutils
    evr: 1:4.8.0-7.el9
    sourcerpm: findutils-4.8.0-7.el9.src.rpm
  - url: https://cdn-ubi.redhat.com/content/public/ubi/dist/ubi9/9/aarch64/baseos/os/Packages/g/grep-3.6-5.el9.aarch64.rpm
    repoid: ubi-9-for-aarch64-baseos-rpms
    size: 276244
    checksum: sha256:583a247a199901d44dc8a96d46010e15f6211f98f7c61ba089825155b0562520
    name: grep
    evr: 3.6-5.el9
    sourcerpm: grep-3.6-5.el9.src.rpm
  - url: https://cdn-ubi.redhat.com/content/public/ubi/dist/ubi9/9/aarch64/baseos/os/Packages/l/libffi-3.4.2-8.el9.aarch64.rpm
    repoid: ubi-9-for-aarch64-baseos-rpms
    size: 38554
    checksum: sha256:d33e180b97a603542cb6f1a78b1c3b0ce4af1bc59ee0bb32620c98a629726bc4
    name: libffi
    evr: 3.4.2-8.el9
    sourcerpm: libffi-3.4.2-8.el9.src.rpm
  - url: https://cdn-ubi.redhat.com/content/public/ubi/dist/ubi9/9/aarch64/baseos/os/Packages/l/libsigsegv-2.13-4.el9.aarch64.rpm
    repoid: ubi-9-for-aarch64-baseos-rpms
    size: 30566
    checksum: sha256:0998ac158161c9d5f3b97c5dc6e35becd84da0ddc5d347a8af581ada529b3b5c
    name: libsigsegv
    evr: 2.13-4.el9
    sourcerpm: libsigsegv-2.13-4.el9.src.rpm
  - url: https://cdn-ubi.redhat.com/content/public/ubi/dist/ubi9/9/aarch64/baseos/os/Packages/l/libtasn1-4.16.0-10.el9_8.aarch64.rpm
    repoid: ubi-9-for-aarch64-baseos-rpms
    size: 80446
    checksum: sha256:322524934c9b1f0714d2299705dbd41ec93451078e8144babc88c51bd19f6e07
    name: libtasn1
    evr: 4.16.0-10.el9_8
    sourcerpm: libtasn1-4.16.0-10.el9_8.src.rpm
  - url: https://cdn-ubi.redhat.com/content/public/ubi/dist/ubi9/9/aarch64/baseos/os/Packages/o/openssl-3.5.5-5.el9_8.aarch64.rpm
    repoid: ubi-9-for-aarch64-baseos-rpms
    size: 1540546
    checksum: sha256:816a01d9e4436ba5ba62c6a391156b8fc02dd78b15587425eb2798d488989dce
    name: openssl
    evr: 1:3.5.5-5.el9_8
    sourcerpm: openssl-3.5.5-5.el9_8.src.rpm
  - url: https://cdn-ubi.redhat.com/content/public/ubi/dist/ubi9/9/aarch64/baseos/os/Packages/o/openssl-fips-provider-3.0.7-11.el9_8.aarch64.rpm
    repoid: ubi-9-for-aarch64-baseos-rpms
    size: 14220
    checksum: sha256:158193d2f965db318148ec76e9347b530ac1f5379d849012c0a04d3c50cda478
    name: openssl-fips-provider
    evr: 3.0.7-11.el9_8
    sourcerpm: openssl-fips-provider-3.0.7-11.el9_8.src.rpm
  - url: https://cdn-ubi.redhat.com/content/public/ubi/dist/ubi9/9/aarch64/baseos/os/Packages/o/openssl-fips-provider-so-3.0.7-11.el9_8.aarch64.rpm
    repoid: ubi-9-for-aarch64-baseos-rpms
    size: 529340
    checksum: sha256:22374a51f8a529dcfcf3b3ebbb2095103e0e811a28953535e5a62e26d1233301
    name: openssl-fips-provider-so
    evr: 3.0.7-11.el9_8
    sourcerpm: openssl-fips-provider-3.0.7-11.el9_8.src.rpm
  - url: https://cdn-ubi.redhat.com/content/public/ubi/dist/ubi9/9/aarch64/baseos/os/Packages/o/openssl-libs-3.5.5-5.el9_8.aarch64.rpm
    repoid: ubi-9-for-aarch64-baseos-rpms
    size: 2290615
    checksum: sha256:6becedb7f555a3ece4804bb914d731f3a371c66156aada93cac207c86f1d4f7d
    name: openssl-libs
    evr: 1:3.5.5-5.el9_8
    sourcerpm: openssl-3.5.5-5.el9_8.src.rpm
  - url: https://cdn-ubi.redhat.com/content/public/ubi/dist/ubi9/9/aarch64/baseos/os/Packages/p/p11-kit-0.26.2-1.el9.aarch64.rpm
    repoid: ubi-9-for-aarch64-baseos-rpms
    size: 582494
    checksum: sha256:5c8fe4b19ea7a76bc2213087ee91679143217fbc33162103e60dd60735504f36
    name: p11-kit
    evr: 0.26.2-1.el9
    sourcerpm: p11-kit-0.26.2-1.el9.src.rpm
  - url: https://cdn-ubi.redhat.com/content/public/ubi/dist/ubi9/9/aarch64/baseos/os/Packages/p/p11-kit-trust-0.26.2-1.el9.aarch64.rpm
    repoid: ubi-9-for-aarch64-baseos-rpms
    size: 158801
    checksum: sha256:713b79a7f12829d98bad68dd2d661f3ef30969fdffbbbb5de4dc7aec6cfdd030
    name: p11-kit-trust
    evr: 0.26.2-1.el9
    sourcerpm: p11-kit-0.26.2-1.el9.src.rpm
  - url: https://cdn-ubi.redhat.com/content/public/ubi/dist/ubi9/9/aarch64/baseos/os/Packages/p/pcre-8.44-4.el9.aarch64.rpm
    repoid: ubi-9-for-aarch64-baseos-rpms
    size: 187289
    checksum: sha256:099feef7e71b82cf0234e37d824fc81353d51dee55694e05181fa686ab50efae
    name: pcre
    evr: 8.44-4.el9
    sourcerpm: pcre-8.44-4.el9.src.rpm
  - url: https://cdn-ubi.redhat.com/content/public/ubi/dist/ubi9/9/aarch64/baseos/os/Packages/s/sed-4.8-10.el9.aarch64.rpm
    repoid: ubi-9-for-aarch64-baseos-rpms
    size: 315893
    checksum: sha256:b73d314a8ef322a690bb69c49cb0dbd9a5ff18d2ba6b2973e18d2c076a52b62a
    name: sed
    evr: 4.8-10.el9
    sourcerpm: sed-4.8-10.el9.src.rpm
  - url: https://cdn-ubi.redhat.com/content/public/ubi/dist/ubi9/9/aarch64/baseos/os/Packages/z/zlib-1.2.11-40.el9.aarch64.rpm
    repoid: ubi-9-for-aarch64-baseos-rpms
    size: 94454
    checksum: sha256:2e7f193e67235130c10f5579c2d2ec92e22e4098b6d12fb2855d93b1540c60f7
    name: zlib
    evr: 1.2.11-40.el9
    sourcerpm: zlib-1.2.11-40.el9.src.rpm
  source: []
  module_metadata: []
- arch: ppc64le
  packages:
  - url: https://cdn-ubi.redhat.com/content/public/ubi/dist/ubi9/9/ppc64le/baseos/os/Packages/a/alternatives-1.24-2.el9.ppc64le.rpm
    repoid: ubi-9-for-ppc64le-baseos-rpms
    size: 44269
    checksum: sha256:ff47094c1f94e74225bffd2b93cd3b4690d1e20d098d35ecf2cccecd468f6f62
    name: alternatives
    evr: 1.24-2.el9
    sourcerpm: chkconfig-1.24-2.el9.src.rpm
  - url: https://cdn-ubi.redhat.com/content/public/ubi/dist/ubi9/9/ppc64le/baseos/os/Packages/c/ca-certificates-2025.2.80_v9.0.305-91.el9.noarch.rpm
    repoid: ubi-9-for-ppc64le-baseos-rpms
    size: 1072208
    checksum: sha256:0554bf65d573950e7d550a07bf7d0b3def85ca3b45a7fbde4cce7cadd9a476a7
    name: ca-certificates
    evr: 2025.2.80_v9.0.305-91.el9
    sourcerpm: ca-certificates-2025.2.80_v9.0.305-91.el9.src.rpm
  - url: https://cdn-ubi.redhat.com/content/public/ubi/dist/ubi9/9/ppc64le/baseos/os/Packages/c/crypto-policies-20260224-1.gitea0f072.el9_8.noarch.rpm
    repoid: ubi-9-for-ppc64le-baseos-rpms
    size: 98707
    checksum: sha256:a9ad86b8df75a7c9c29c6f6dd4b8f78cfa1f42b492eff0d11b82c457d37a7f9f
    name: crypto-policies
    evr: 20260224-1.gitea0f072.el9_8
    sourcerpm: crypto-policies-20260224-1.gitea0f072.el9_8.src.rpm
  - url: https://cdn-ubi.redhat.com/content/public/ubi/dist/ubi9/9/ppc64le/baseos/os/Packages/f/findutils-4.8.0-7.el9.ppc64le.rpm
    repoid: ubi-9-for-ppc64le-baseos-rpms
    size: 603076
    checksum: sha256:d4662cea7b9ae75c86e6afa1c69b3047773acf7d4a6cf8b99e63355cde0e8de8
    name: findutils
    evr: 1:4.8.0-7.el9
    sourcerpm: findutils-4.8.0-7.el9.src.rpm
  - url: https://cdn-ubi.redhat.com/content/public/ubi/dist/ubi9/9/ppc64le/baseos/os/Packages/g/grep-3.6-5.el9.ppc64le.rpm
    repoid: ubi-9-for-ppc64le-baseos-rpms
    size: 288035
    checksum: sha256:3598703d7995b01b5b10f55ac65ce851e30f41d037e679bec4afa11a41846511
    name: grep
    evr: 3.6-5.el9
    sourcerpm: grep-3.6-5.el9.src.rpm
  - url: https://cdn-ubi.redhat.com/content/public/ubi/dist/ubi9/9/ppc64le/baseos/os/Packages/l/libffi-3.4.2-8.el9.ppc64le.rpm
    repoid: ubi-9-for-ppc64le-baseos-rpms
    size: 40799
    checksum: sha256:c5042688cccb346b2bb0865410564d305a9b86e7618558354428ebc09ff689d8
    name: libffi
    evr: 3.4.2-8.el9
    sourcerpm: libffi-3.4.2-8.el9.src.rpm
  - url: https://cdn-ubi.redhat.com/content/public/ubi/dist/ubi9/9/ppc64le/baseos/os/Packages/l/libsigsegv-2.13-4.el9.ppc64le.rpm
    repoid: ubi-9-for-ppc64le-baseos-rpms
    size: 31522
    checksum: sha256:9e67d1dd24a8ffa2366479c3c15691b530786ccee77e7c93090c192cce1e63b3
    name: libsigsegv
    evr: 2.13-4.el9
    sourcerpm: libsigsegv-2.13-4.el9.src.rpm
  - url: https://cdn-ubi.redhat.com/content/public/ubi/dist/ubi9/9/ppc64le/baseos/os/Packages/l/libtasn1-4.16.0-10.el9_8.ppc64le.rpm
    repoid: ubi-9-for-ppc64le-baseos-rpms
    size: 87068
    checksum: sha256:cbd7e8b7236d395a591ab0e0c28b8a3d37944d451c008aad4fa4063b9c62e825
    name: libtasn1
    evr: 4.16.0-10.el9_8
    sourcerpm: libtasn1-4.16.0-10.el9_8.src.rpm
  - url: https://cdn-ubi.redhat.com/content/public/ubi/dist/ubi9/9/ppc64le/baseos/os/Packages/o/openssl-3.5.5-5.el9_8.ppc64le.rpm
    repoid: ubi-9-for-ppc64le-baseos-rpms
    size: 1565782
    checksum: sha256:e9e5911981a7ad800ed4678ebeb2097bc8871cd21467998aad1cbc1ef158a75a
    name: openssl
    evr: 1:3.5.5-5.el9_8
    sourcerpm: openssl-3.5.5-5.el9_8.src.rpm
  - url: https://cdn-ubi.redhat.com/content/public/ubi/dist/ubi9/9/ppc64le/baseos/os/Packages/o/openssl-fips-provider-3.0.7-11.el9_8.ppc64le.rpm
    repoid: ubi-9-for-ppc64le-baseos-rpms
    size: 14245
    checksum: sha256:edbc6b74ad3ad2b54a2481da28f468b98b021132391e6691218f7cb0733b790a
    name: openssl-fips-provider
    evr: 3.0.7-11.el9_8
    sourcerpm: openssl-fips-provider-3.0.7-11.el9_8.src.rpm
  - url: https://cdn-ubi.redhat.com/content/public/ubi/dist/ubi9/9/ppc64le/baseos/os/Packages/o/openssl-fips-provider-so-3.0.7-11.el9_8.ppc64le.rpm
    repoid: ubi-9-for-ppc64le-baseos-rpms
    size: 583707
    checksum: sha256:2961c20585a313054dcb6aaad5f10bdaa3b675839a530d0a79fbe71c942a3c22
    name: openssl-fips-provider-so
    evr: 3.0.7-11.el9_8
    sourcerpm: openssl-fips-provider-3.0.7-11.el9_8.src.rpm
  - url: https://cdn-ubi.redhat.com/content/public/ubi/dist/ubi9/9/ppc64le/baseos/os/Packages/o/openssl-libs-3.5.5-5.el9_8.ppc64le.rpm
    repoid: ubi-9-for-ppc64le-baseos-rpms
    size: 2552572
    checksum: sha256:a6096ba33e8a0d8a302234e090bd1617ead0efa7e9405c95eb99dbf1584da5ac
    name: openssl-libs
    evr: 1:3.5.5-5.el9_8
    sourcerpm: openssl-3.5.5-5.el9_8.src.rpm
  - url: https://cdn-ubi.redhat.com/content/public/ubi/dist/ubi9/9/ppc64le/baseos/os/Packages/p/p11-kit-0.26.2-1.el9.ppc64le.rpm
    repoid: ubi-9-for-ppc64le-baseos-rpms
    size: 612881
    checksum: sha256:b78c695d8d1e6ff929e298d5b03d55910999c15a2537ac4b03ae5e003a8922f8
    name: p11-kit
    evr: 0.26.2-1.el9
    sourcerpm: p11-kit-0.26.2-1.el9.src.rpm
  - url: https://cdn-ubi.redhat.com/content/public/ubi/dist/ubi9/9/ppc64le/baseos/os/Packages/p/p11-kit-trust-0.26.2-1.el9.ppc64le.rpm
    repoid: ubi-9-for-ppc64le-baseos-rpms
    size: 176360
    checksum: sha256:a44c731c9028bcaff8674aaff78d5f499c7aa5b3e6e8319cb784e5e98dfcd476
    name: p11-kit-trust
    evr: 0.26.2-1.el9
    sourcerpm: p11-kit-0.26.2-1.el9.src.rpm
  - url: https://cdn-ubi.redhat.com/content/public/ubi/dist/ubi9/9/ppc64le/baseos/os/Packages/p/pcre-8.44-4.el9.ppc64le.rpm
    repoid: ubi-9-for-ppc64le-baseos-rpms
    size: 208333
    checksum: sha256:a9194f82f80f11599236c3acd4cd6faf0a4fd4aec302f44365847e6222499e65
    name: pcre
    evr: 8.44-4.el9
    sourcerpm: pcre-8.44-4.el9.src.rpm
  - url: https://cdn-ubi.redhat.com/content/public/ubi/dist/ubi9/9/ppc64le/baseos/os/Packages/s/sed-4.8-10.el9.ppc64le.rpm
    repoid: ubi-9-for-ppc64le-baseos-rpms
    size: 323929
    checksum: sha256:6a0be5fe8b4968e28c487cf41e824907b48a8af4260fa734bc597982a12cd72d
    name: sed
    evr: 4.8-10.el9
    sourcerpm: sed-4.8-10.el9.src.rpm
  - url: https://cdn-ubi.redhat.com/content/public/ubi/dist/ubi9/9/ppc64le/baseos/os/Packages/z/zlib-1.2.11-40.el9.ppc64le.rpm
    repoid: ubi-9-for-ppc64le-baseos-rpms
    size: 106130
    checksum: sha256:330a6c1a9e15d4118a4dbff5b5446f054e42a8286fbd85a416b8d30771d6db6f
    name: zlib
    evr: 1.2.11-40.el9
    sourcerpm: zlib-1.2.11-40.el9.src.rpm
  source: []
  module_metadata: []
- arch: s390x
  packages:
  - url: https://cdn-ubi.redhat.com/content/public/ubi/dist/ubi9/9/s390x/baseos/os/Packages/a/alternatives-1.24-2.el9.s390x.rpm
    repoid: ubi-9-for-s390x-baseos-rpms
    size: 42270
    checksum: sha256:85509a2be050bd9a6e7895fe9c0ab67750a0389d79f62407bbb4bc3ec6262abf
    name: alternatives
    evr: 1.24-2.el9
    sourcerpm: chkconfig-1.24-2.el9.src.rpm
  - url: https://cdn-ubi.redhat.com/content/public/ubi/dist/ubi9/9/s390x/baseos/os/Packages/c/ca-certificates-2025.2.80_v9.0.305-91.el9.noarch.rpm
    repoid: ubi-9-for-s390x-baseos-rpms
    size: 1072208
    checksum: sha256:0554bf65d573950e7d550a07bf7d0b3def85ca3b45a7fbde4cce7cadd9a476a7
    name: ca-certificates
    evr: 2025.2.80_v9.0.305-91.el9
    sourcerpm: ca-certificates-2025.2.80_v9.0.305-91.el9.src.rpm
  - url: https://cdn-ubi.redhat.com/content/public/ubi/dist/ubi9/9/s390x/baseos/os/Packages/c/crypto-policies-20260224-1.gitea0f072.el9_8.noarch.rpm
    repoid: ubi-9-for-s390x-baseos-rpms
    size: 98707
    checksum: sha256:a9ad86b8df75a7c9c29c6f6dd4b8f78cfa1f42b492eff0d11b82c457d37a7f9f
    name: crypto-policies
    evr: 20260224-1.gitea0f072.el9_8
    sourcerpm: crypto-policies-20260224-1.gitea0f072.el9_8.src.rpm
  - url: https://cdn-ubi.redhat.com/content/public/ubi/dist/ubi9/9/s390x/baseos/os/Packages/f/findutils-4.8.0-7.el9.s390x.rpm
    repoid: ubi-9-for-s390x-baseos-rpms
    size: 562344
    checksum: sha256:58a784cd8f94da5182ab13c9696c7e5410b0452b20c524013040d234517e931e
    name: findutils
    evr: 1:4.8.0-7.el9
    sourcerpm: findutils-4.8.0-7.el9.src.rpm
  - url: https://cdn-ubi.redhat.com/content/public/ubi/dist/ubi9/9/s390x/baseos/os/Packages/g/grep-3.6-5.el9.s390x.rpm
    repoid: ubi-9-for-s390x-baseos-rpms
    size: 280207
    checksum: sha256:282ef2512b0c14223fa788ecbc863895bc13e191d69f835fb9bba8aa37ce61a5
    name: grep
    evr: 3.6-5.el9
    sourcerpm: grep-3.6-5.el9.src.rpm
  - url: https://cdn-ubi.redhat.com/content/public/ubi/dist/ubi9/9/s390x/baseos/os/Packages/l/libffi-3.4.2-8.el9.s390x.rpm
    repoid: ubi-9-for-s390x-baseos-rpms
    size: 37310
    checksum: sha256:e307e5bbdd2dcc9976ee39433c7d23d5063fbac159b2e49e98e34de9f5497cc6
    name: libffi
    evr: 3.4.2-8.el9
    sourcerpm: libffi-3.4.2-8.el9.src.rpm
  - url: https://cdn-ubi.redhat.com/content/public/ubi/dist/ubi9/9/s390x/baseos/os/Packages/l/libsigsegv-2.13-4.el9.s390x.rpm
    repoid: ubi-9-for-s390x-baseos-rpms
    size: 30531
    checksum: sha256:b6dffdaa197220f401417c607cdd659fdffaf1a5a07451e96eb6727f067539ee
    name: libsigsegv
    evr: 2.13-4.el9
    sourcerpm: libsigsegv-2.13-4.el9.src.rpm
  - url: https://cdn-ubi.redhat.com/content/public/ubi/dist/ubi9/9/s390x/baseos/os/Packages/l/libtasn1-4.16.0-10.el9_8.s390x.rpm
    repoid: ubi-9-for-s390x-baseos-rpms
    size: 81089
    checksum: sha256:af302cefa6d25b679f160d87f363b7fdf70756465e7ee8b8744fcef23a7d9da5
    name: libtasn1
    evr: 4.16.0-10.el9_8
    sourcerpm: libtasn1-4.16.0-10.el9_8.src.rpm
  - url: https://cdn-ubi.redhat.com/content/public/ubi/dist/ubi9/9/s390x/baseos/os/Packages/o/openssl-3.5.5-5.el9_8.s390x.rpm
    repoid: ubi-9-for-s390x-baseos-rpms
    size: 1549036
    checksum: sha256:e7b83a5f90c195583dc6cf2dec685db505a6297f319ed44e3490685ac34091b4
    name: openssl
    evr: 1:3.5.5-5.el9_8
    sourcerpm: openssl-3.5.5-5.el9_8.src.rpm
  - url: https://cdn-ubi.redhat.com/content/public/ubi/dist/ubi9/9/s390x/baseos/os/Packages/o/openssl-fips-provider-3.0.7-11.el9_8.s390x.rpm
    repoid: ubi-9-for-s390x-baseos-rpms
    size: 14236
    checksum: sha256:54be1c06222de4835a90b6c56cdf8310891726a8a362c5d027772d91770df142
    name: openssl-fips-provider
    evr: 3.0.7-11.el9_8
    sourcerpm: openssl-fips-provider-3.0.7-11.el9_8.src.rpm
  - url: https://cdn-ubi.redhat.com/content/public/ubi/dist/ubi9/9/s390x/baseos/os/Packages/o/openssl-fips-provider-so-3.0.7-11.el9_8.s390x.rpm
    repoid: ubi-9-for-s390x-baseos-rpms
    size: 319647
    checksum: sha256:3a865d8d32325c3ad20c65b5e821e0847d100780dd7e6447f9c204be5a36ef9f
    name: openssl-fips-provider-so
    evr: 3.0.7-11.el9_8
    sourcerpm: openssl-fips-provider-3.0.7-11.el9_8.src.rpm
  - url: https://cdn-ubi.redhat.com/content/public/ubi/dist/ubi9/9/s390x/baseos/os/Packages/o/openssl-libs-3.5.5-5.el9_8.s390x.rpm
    repoid: ubi-9-for-s390x-baseos-rpms
    size: 2028642
    checksum: sha256:25d015af7c7caffc3ca8b7729ea5f7df4f48dd0b7a4e6b9c1c48e96094018198
    name: openssl-libs
    evr: 1:3.5.5-5.el9_8
    sourcerpm: openssl-3.5.5-5.el9_8.src.rpm
  - url: https://cdn-ubi.redhat.com/content/public/ubi/dist/ubi9/9/s390x/baseos/os/Packages/p/p11-kit-0.26.2-1.el9.s390x.rpm
    repoid: ubi-9-for-s390x-baseos-rpms
    size: 621949
    checksum: sha256:a1834007eda45150d6d3e49efdd5ace430a148005365ae00affe4e6a09b8bef4
    name: p11-kit
    evr: 0.26.2-1.el9
    sourcerpm: p11-kit-0.26.2-1.el9.src.rpm
  - url: https://cdn-ubi.redhat.com/content/public/ubi/dist/ubi9/9/s390x/baseos/os/Packages/p/p11-kit-trust-0.26.2-1.el9.s390x.rpm
    repoid: ubi-9-for-s390x-baseos-rpms
    size: 156700
    checksum: sha256:de6e5b8084f32d5ee4256cc510e64306e1c8a55dd8d245625723740c61f66149
    name: p11-kit-trust
    evr: 0.26.2-1.el9
    sourcerpm: p11-kit-0.26.2-1.el9.src.rpm
  - url: https://cdn-ubi.redhat.com/content/public/ubi/dist/ubi9/9/s390x/baseos/os/Packages/p/pcre-8.44-4.el9.s390x.rpm
    repoid: ubi-9-for-s390x-baseos-rpms
    size: 121477
    checksum: sha256:f2c83dfe2db77d9cb084f7a19140ea772d61c1dcb60d84f6928541deb811ffb6
    name: pcre
    evr: 8.44-4.el9
    sourcerpm: pcre-8.44-4.el9.src.rpm
  - url: https://cdn-ubi.redhat.com/content/public/ubi/dist/ubi9/9/s390x/baseos/os/Packages/s/sed-4.8-10.el9.s390x.rpm
    repoid: ubi-9-for-s390x-baseos-rpms
    size: 317430
    checksum: sha256:f878122e6b29fdc633e1d2c068ff0e481bb252f227a29068254ec111427ca242
    name: sed
    evr: 4.8-10.el9
    sourcerpm: sed-4.8-10.el9.src.rpm
  - url: https://cdn-ubi.redhat.com/content/public/ubi/dist/ubi9/9/s390x/baseos/os/Packages/z/zlib-1.2.11-40.el9.s390x.rpm
    repoid: ubi-9-for-s390x-baseos-rpms
    size: 100230
    checksum: sha256:451ee05b1bb32a5d5da936d9c4da4b26e99ba8787e8e9f22e2c9a9ceca931507
    name: zlib
    evr: 1.2.11-40.el9
    sourcerpm: zlib-1.2.11-40.el9.src.rpm
  source: []
  module_metadata: []
- arch: x86_64
  packages:
  - url: https://cdn-ubi.redhat.com/content/public/ubi/dist/ubi9/9/x86_64/baseos/os/Packages/a/alternatives-1.24-2.el9.x86_64.rpm
    repoid: ubi-9-for-x86_64-baseos-rpms
    size: 42874
    checksum: sha256:1c520b9bf7b592d936bb347a5107702e51678e160b88ecfbba6a30e35e47d24e
    name: alternatives
    evr: 1.24-2.el9
    sourcerpm: chkconfig-1.24-2.el9.src.rpm
  - url: https://cdn-ubi.redhat.com/content/public/ubi/dist/ubi9/9/x86_64/baseos/os/Packages/c/ca-certificates-2025.2.80_v9.0.305-91.el9.noarch.rpm
    repoid: ubi-9-for-x86_64-baseos-rpms
    size: 1072208
    checksum: sha256:0554bf65d573950e7d550a07bf7d0b3def85ca3b45a7fbde4cce7cadd9a476a7
    name: ca-certificates
    evr: 2025.2.80_v9.0.305-91.el9
    sourcerpm: ca-certificates-2025.2.80_v9.0.305-91.el9.src.rpm
  - url: https://cdn-ubi.redhat.com/content/public/ubi/dist/ubi9/9/x86_64/baseos/os/Packages/c/crypto-policies-20260224-1.gitea0f072.el9_8.noarch.rpm
    repoid: ubi-9-for-x86_64-baseos-rpms
    size: 98707
    checksum: sha256:a9ad86b8df75a7c9c29c6f6dd4b8f78cfa1f42b492eff0d11b82c457d37a7f9f
    name: crypto-policies
    evr: 20260224-1.gitea0f072.el9_8
    sourcerpm: crypto-policies-20260224-1.gitea0f072.el9_8.src.rpm
  - url: https://cdn-ubi.redhat.com/content/public/ubi/dist/ubi9/9/x86_64/baseos/os/Packages/f/findutils-4.8.0-7.el9.x86_64.rpm
    repoid: ubi-9-for-x86_64-baseos-rpms
    size: 563531
    checksum: sha256:a6328afea0a11647b7fb5c48436f0af6c795407bac0650676d3196dd47070de6
    name: findutils
    evr: 1:4.8.0-7.el9
    sourcerpm: findutils-4.8.0-7.el9.src.rpm
  - url: https://cdn-ubi.redhat.com/content/public/ubi/dist/ubi9/9/x86_64/baseos/os/Packages/g/grep-3.6-5.el9.x86_64.rpm
    repoid: ubi-9-for-x86_64-baseos-rpms
    size: 279174
    checksum: sha256:5556895ff1817066ca71b50785615e944b0fcc7e1c94c983087c7c691819623d
    name: grep
    evr: 3.6-5.el9
    sourcerpm: grep-3.6-5.el9.src.rpm
  - url: https://cdn-ubi.redhat.com/content/public/ubi/dist/ubi9/9/x86_64/baseos/os/Packages/l/libffi-3.4.2-8.el9.x86_64.rpm
    repoid: ubi-9-for-x86_64-baseos-rpms
    size: 40619
    checksum: sha256:dde0012a94c6f3825e605b095b15767d89c2b87a5da097348310d7e87721c645
    name: libffi
    evr: 3.4.2-8.el9
    sourcerpm: libffi-3.4.2-8.el9.src.rpm
  - url: https://cdn-ubi.redhat.com/content/public/ubi/dist/ubi9/9/x86_64/baseos/os/Packages/l/libsigsegv-2.13-4.el9.x86_64.rpm
    repoid: ubi-9-for-x86_64-baseos-rpms
    size: 30681
    checksum: sha256:24005c62017797b612d047a2af83a218633b32302a787fabd22e52230db6adc1
    name: libsigsegv
    evr: 2.13-4.el9
    sourcerpm: libsigsegv-2.13-4.el9.src.rpm
  - url: https://cdn-ubi.redhat.com/content/public/ubi/dist/ubi9/9/x86_64/baseos/os/Packages/l/libtasn1-4.16.0-10.el9_8.x86_64.rpm
    repoid: ubi-9-for-x86_64-baseos-rpms
    size: 81418
    checksum: sha256:f9473f322407f10205b0db98b89cf8f603e9c769e9977250734136df56cbb981
    name: libtasn1
    evr: 4.16.0-10.el9_8
    sourcerpm: libtasn1-4.16.0-10.el9_8.src.rpm
  - url: https://cdn-ubi.redhat.com/content/public/ubi/dist/ubi9/9/x86_64/baseos/os/Packages/o/openssl-3.5.5-5.el9_8.x86_64.rpm
    repoid: ubi-9-for-x86_64-baseos-rpms
    size: 1563716
    checksum: sha256:7d6537b3a4e4e5a1fe0dc17b0d7794e466b3dd20f9dc34356dbbfe12b4ac2d44
    name: openssl
    evr: 1:3.5.5-5.el9_8
    sourcerpm: openssl-3.5.5-5.el9_8.src.rpm
  - url: https://cdn-ubi.redhat.com/content/public/ubi/dist/ubi9/9/x86_64/baseos/os/Packages/o/openssl-fips-provider-3.0.7-11.el9_8.x86_64.rpm
    repoid: ubi-9-for-x86_64-baseos-rpms
    size: 14256
    checksum: sha256:c00860e9c5a1d90488aa2eb65fe41f62926b38c6b3669d331a8b97e4a60223ac
    name: openssl-fips-provider
    evr: 3.0.7-11.el9_8
    sourcerpm: openssl-fips-provider-3.0.7-11.el9_8.src.rpm
  - url: https://cdn-ubi.redhat.com/content/public/ubi/dist/ubi9/9/x86_64/baseos/os/Packages/o/openssl-fips-provider-so-3.0.7-11.el9_8.x86_64.rpm
    repoid: ubi-9-for-x86_64-baseos-rpms
    size: 595008
    checksum: sha256:60d36ad3a67d6b00e67bb0a19c0902fbb2ecdd873cf7f280a3039d04a092790c
    name: openssl-fips-provider-so
    evr: 3.0.7-11.el9_8
    sourcerpm: openssl-fips-provider-3.0.7-11.el9_8.src.rpm
  - url: https://cdn-ubi.redhat.com/content/public/ubi/dist/ubi9/9/x86_64/baseos/os/Packages/o/openssl-libs-3.5.5-5.el9_8.x86_64.rpm
    repoid: ubi-9-for-x86_64-baseos-rpms
    size: 2426444
    checksum: sha256:3fcfe168496349d7e3daba33a2a51b09bf00443d7fdf3c143b9d9c50c6d4d7af
    name: openssl-libs
    evr: 1:3.5.5-5.el9_8
    sourcerpm: openssl-3.5.5-5.el9_8.src.rpm
  - url: https://cdn-ubi.redhat.com/content/public/ubi/dist/ubi9/9/x86_64/baseos/os/Packages/p/p11-kit-0.26.2-1.el9.x86_64.rpm
    repoid: ubi-9-for-x86_64-baseos-rpms
    size: 624045
    checksum: sha256:3bc31959dd99d0c3103866296664c02c219c0a7c8b906c96ecc5ec3dda57c864
    name: p11-kit
    evr: 0.26.2-1.el9
    sourcerpm: p11-kit-0.26.2-1.el9.src.rpm
  - url: https://cdn-ubi.redhat.com/content/public/ubi/dist/ubi9/9/x86_64/baseos/os/Packages/p/p11-kit-trust-0.26.2-1.el9.x86_64.rpm
    repoid: ubi-9-for-x86_64-baseos-rpms
    size: 165124
    checksum: sha256:715fd8181525f3d6869d5086f36a15ea47a0e96297ccf5920c37d3a0cb36c409
    name: p11-kit-trust
    evr: 0.26.2-1.el9
    sourcerpm: p11-kit-0.26.2-1.el9.src.rpm
  - url: https://cdn-ubi.redhat.com/content/public/ubi/dist/ubi9/9/x86_64/baseos/os/Packages/p/pcre-8.44-4.el9.x86_64.rpm
    repoid: ubi-9-for-x86_64-baseos-rpms
    size: 205261
    checksum: sha256:e9ddc7d57d4f6e7400b66bcc78b9bafc1f05630e3e0d2a14000bc907f429ddc4
    name: pcre
    evr: 8.44-4.el9
    sourcerpm: pcre-8.44-4.el9.src.rpm
  - url: https://cdn-ubi.redhat.com/content/public/ubi/dist/ubi9/9/x86_64/baseos/os/Packages/s/sed-4.8-10.el9.x86_64.rpm
    repoid: ubi-9-for-x86_64-baseos-rpms
    size: 317456
    checksum: sha256:45e246453dc9eb1bad6a71c6f349aad1b1b2e1bf3ec645b80f0ed04fe69c960e
    name: sed
    evr: 4.8-10.el9
    sourcerpm: sed-4.8-10.el9.src.rpm
  - url: https://cdn-ubi.redhat.com/content/public/ubi/dist/ubi9/9/x86_64/baseos/os/Packages/z/zlib-1.2.11-40.el9.x86_64.rpm
    repoid: ubi-9-for-x86_64-baseos-rpms
    size: 95708
    checksum: sha256:baf95ffbf40ee014135f16fe33e343faf7ff1ca06509fd97cd988e6afeabf670
    name: zlib
    evr: 1.2.11-40.el9
    sourcerpm: zlib-1.2.11-40.el9.src.rpm
  source: []
  module_metadata: []
